
Microsoft Visual Studio Solution File, Format Version 12.00
# Visual Studio 15
VisualStudioVersion = 15.0.28307.1267
MinimumVisualStudioVersion = 10.0.40219.1
Project("{FAE04EC0-301F-11D3-BF4B-00C04F79EFBC}") = "WebApplication5", "WebApplication5\WebApplication5.csproj", "{6C90F08B-5EB3-4DEC-AF80-32CC7AD9C71E}"
EndProject
Global
	GlobalSection(SolutionConfigurationPlatforms) = preSolution
		Debug|Any CPU = Debug|Any CPU
		Release|Any CPU = Release|Any CPU
	EndGlobalSection
	GlobalSection(ProjectConfigurationPlatforms) = postSolution
		{6C90F08B-5EB3-4DEC-AF80-32CC7AD9C71E}.Debug|Any CPU.ActiveCfg = Debug|Any CPU
		{6C90F08B-5EB3-4DEC-AF80-32CC7AD9C71E}.Debug|Any CPU.Build.0 = Debug|Any CPU
		{6C90F08B-5EB3-4DEC-AF80-32CC7AD9C71E}.Release|Any CPU.ActiveCfg = Release|Any CPU
		{6C90F08B-5EB3-4DEC-AF80-32CC7AD9C71E}.Release|Any CPU.Build.0 = Release|Any CPU
	EndGlobalSection
	GlobalSection(SolutionProperties) = preSolution
		HideSolutionNode = FALSE
	EndGlobalSection
	GlobalSection(ExtensibilityGlobals) = postSolution
		SolutionGuid = {907A9F04-0360-474A-A3B6-F565230FA58A}
	EndGlobalSection
EndGlobal
